
Microsoft Visual Studio Solution File, Format Version 12.00
# Visual Studio Version 16
VisualStudioVersion = 16.0.30717.126
MinimumVisualStudioVersion = 10.0.40219.1
Project("{FAE04EC0-301F-11D3-BF4B-00C04F79EFBC}") = "MotivateMe.Api", "MotivateMe.Api\MotivateMe.Api.csproj", "{D5D13B3F-4E82-4164-9079-2811C9B41991}"
EndProject
Project("{FAE04EC0-301F-11D3-BF4B-00C04F79EFBC}") = "MotivateMe.Push", "MotivateMe.Push\MotivateMe.Push.csproj", "{8D589962-3F26-4E89-86D3-5CEAFCE5AB0A}"
EndProject
Project("{FAE04EC0-301F-11D3-BF4B-00C04F79EFBC}") = "MotivateMe.Core", "MotivateMe.Core\MotivateMe.Core.csproj", "{8C008495-A790-4B93-AA1D-1A9455CDFEC7}"
EndProject
Global
	GlobalSection(SolutionConfigurationPlatforms) = preSolution
		Debug|Any CPU = Debug|Any CPU
		Release|Any CPU = Release|Any CPU
	EndGlobalSection
	GlobalSection(ProjectConfigurationPlatforms) = postSolution
		{D5D13B3F-4E82-4164-9079-2811C9B41991}.Debug|Any CPU.ActiveCfg = Debug|Any CPU
		{D5D13B3F-4E82-4164-9079-2811C9B41991}.Debug|Any CPU.Build.0 = Debug|Any CPU
		{D5D13B3F-4E82-4164-9079-2811C9B41991}.Release|Any CPU.ActiveCfg = Release|Any CPU
		{D5D13B3F-4E82-4164-9079-2811C9B41991}.Release|Any CPU.Build.0 = Release|Any CPU
		{8D589962-3F26-4E89-86D3-5CEAFCE5AB0A}.Debug|Any CPU.ActiveCfg = Debug|Any CPU
		{8D589962-3F26-4E89-86D3-5CEAFCE5AB0A}.Debug|Any CPU.Build.0 = Debug|Any CPU
		{8D589962-3F26-4E89-86D3-5CEAFCE5AB0A}.Release|Any CPU.ActiveCfg = Release|Any CPU
		{8D589962-3F26-4E89-86D3-5CEAFCE5AB0A}.Release|Any CPU.Build.0 = Release|Any CPU
		{8C008495-A790-4B93-AA1D-1A9455CDFEC7}.Debug|Any CPU.ActiveCfg = Debug|Any CPU
		{8C008495-A790-4B93-AA1D-1A9455CDFEC7}.Debug|Any CPU.Build.0 = Debug|Any CPU
		{8C008495-A790-4B93-AA1D-1A9455CDFEC7}.Release|Any CPU.ActiveCfg = Release|Any CPU
		{8C008495-A790-4B93-AA1D-1A9455CDFEC7}.Release|Any CPU.Build.0 = Release|Any CPU
	EndGlobalSection
	GlobalSection(SolutionProperties) = preSolution
		HideSolutionNode = FALSE
	EndGlobalSection
	GlobalSection(ExtensibilityGlobals) = postSolution
		SolutionGuid = {F739133E-5781-4524-8A3A-0D0EEFFCC584}
	EndGlobalSection
EndGlobal
